
Microsoft Visual Studio Solution File, Format Version 12.00
# Visual Studio 15
VisualStudioVersion = 15.0.28307.271
MinimumVisualStudioVersion = 10.0.40219.1
Project("{FAE04EC0-301F-11D3-BF4B-00C04F79EFBC}") = "Arrays_RR", "Arrays_RR\Arrays_RR.csproj", "{8B5197A3-6B84-4536-A0A5-529F1B4524E3}"
EndProject
Global
	GlobalSection(SolutionConfigurationPlatforms) = preSolution
		Debug|Any CPU = Debug|Any CPU
		Release|Any CPU = Release|Any CPU
	EndGlobalSection
	GlobalSection(ProjectConfigurationPlatforms) = postSolution
		{8B5197A3-6B84-4536-A0A5-529F1B4524E3}.Debug|Any CPU.ActiveCfg = Debug|Any CPU
		{8B5197A3-6B84-4536-A0A5-529F1B4524E3}.Debug|Any CPU.Build.0 = Debug|Any CPU
		{8B5197A3-6B84-4536-A0A5-529F1B4524E3}.Release|Any CPU.ActiveCfg = Release|Any CPU
		{8B5197A3-6B84-4536-A0A5-529F1B4524E3}.Release|Any CPU.Build.0 = Release|Any CPU
	EndGlobalSection
	GlobalSection(SolutionProperties) = preSolution
		HideSolutionNode = FALSE
	EndGlobalSection
	GlobalSection(ExtensibilityGlobals) = postSolution
		SolutionGuid = {45D1F6C4-7581-4769-A584-75452F9F08F8}
	EndGlobalSection
EndGlobal
